
Microsoft Visual Studio Solution File, Format Version 12.00
Project("{FAE04EC0-301F-11D3-BF4B-00C04F79EFBC}") = "Lab8Client", "Lab8Client\Lab8Client.csproj", "{80AE7190-ACC0-4523-8A82-124B5FF9C50E}"
EndProject
Global
	GlobalSection(SolutionConfigurationPlatforms) = preSolution
		Debug|Any CPU = Debug|Any CPU
		Release|Any CPU = Release|Any CPU
	EndGlobalSection
	GlobalSection(ProjectConfigurationPlatforms) = postSolution
		{80AE7190-ACC0-4523-8A82-124B5FF9C50E}.Debug|Any CPU.ActiveCfg = Debug|Any CPU
		{80AE7190-ACC0-4523-8A82-124B5FF9C50E}.Debug|Any CPU.Build.0 = Debug|Any CPU
		{80AE7190-ACC0-4523-8A82-124B5FF9C50E}.Release|Any CPU.ActiveCfg = Release|Any CPU
		{80AE7190-ACC0-4523-8A82-124B5FF9C50E}.Release|Any CPU.Build.0 = Release|Any CPU
	EndGlobalSection
EndGlobal
